// !$*UTF8*$!
{
	archiveVersion = 1;
	classes = {
	};
	objectVersion = 50;
	objects = {

/* Begin PBXBuildFile section */
		AB2FF50B26CCDA3900A3EFC7 /* AppDelegate.swift in Sources */ = {isa = PBXBuildFile; fileRef = AB2FF50A26CCDA3900A3EFC7 /* AppDelegate.swift */; };
		AB2FF50D26CCDA3900A3EFC7 /* SceneDelegate.swift in Sources */ = {isa = PBXBuildFile; fileRef = AB2FF50C26CCDA3900A3EFC7 /* SceneDelegate.swift */; };
		AB2FF50F26CCDA3900A3EFC7 /* ViewController.swift in Sources */ = {isa = PBXBuildFile; fileRef = AB2FF50E26CCDA3900A3EFC7 /* ViewController.swift */; };
		AB2FF51226CCDA3900A3EFC7 /* Main.storyboard in Resources */ = {isa = PBXBuildFile; fileRef = AB2FF51026CCDA3900A3EFC7 /* Main.storyboard */; };
		AB2FF51426CCDA3A00A3EFC7 /* Assets.xcassets in Resources */ = {isa = PBXBuildFile; fileRef = AB2FF51326CCDA3A00A3EFC7 /* Assets.xcassets */; };
		AB2FF51726CCDA3A00A3EFC7 /* LaunchScreen.storyboard in Resources */ = {isa = PBXBuildFile; fileRef = AB2FF51526CCDA3A00A3EFC7 /* LaunchScreen.storyboard */; };
/* End PBXBuildFile section */

/* Begin PBXFileReference section */
		AB2FF50726CCDA3900A3EFC7 /* Sin-CABasicAnimation.app */ = {isa = PBXFileReference; explicitFileType = wrapper.application; includeInIndex = 0; path = "Sin-CABasicAnimation.app"; sourceTree = BUILT_PRODUCTS_DIR; };
		AB2FF50A26CCDA3900A3EFC7 /* AppDelegate.swift */ = {isa = PBXFileReference; lastKnownFileType = sourcecode.swift; path = AppDelegate.swift; sourceTree = "<group>"; };
		AB2FF50C26CCDA3900A3EFC7 /* SceneDelegate.swift */ = {isa = PBXFileReference; lastKnownFileType = sourcecode.swift; path = SceneDelegate.swift; sourceTree = "<group>"; };
		AB2FF50E26CCDA3900A3EFC7 /* ViewController.swift */ = {isa = PBXFileReference; lastKnownFileType = sourcecode.swift; path = ViewController.swift; sourceTree = "<group>"; };
		AB2FF51126CCDA3900A3EFC7 /* Base */ = {isa = PBXFileReference; lastKnownFileType = file.storyboard; name = Base; path = Base.lproj/Main.storyboard; sourceTree = "<group>"; };
		AB2FF51326CCDA3A00A3EFC7 /* Assets.xcassets */ = {isa = PBXFileReference; lastKnownFileType = folder.assetcatalog; path = Assets.xcassets; sourceTree = "<group>"; };
		AB2FF51626CCDA3A00A3EFC7 /* Base */ = {isa = PBXFileReference; lastKnownFileType = file.storyboard; name = Base; path = Base.lproj/LaunchScreen.storyboard; sourceTree = "<group>"; };
		AB2FF51826CCDA3A00A3EFC7 /* Info.plist */ = {isa = PBXFileReference; lastKnownFileType = text.plist.xml; path = Info.plist; sourceTree = "<group>"; };
/* End PBXFileReference section */

/* Begin PBXFrameworksBuildPhase section */
		AB2FF50426CCDA3900A3EFC7 /* Frameworks */ = {
			isa = PBXFrameworksBuildPhase;
			buildActionMask = 2147483647;
			files = (
			);
			runOnlyForDeploymentPostprocessing = 0;
		};
/* End PBXFrameworksBuildPhase section */

/* Begin PBXGroup section */
		AB2FF4FE26CCDA3900A3EFC7 = {
			isa = PBXGroup;
			children = (
				AB2FF50926CCDA3900A3EFC7 /* Sin-CABasicAnimation */,
				AB2FF50826CCDA3900A3EFC7 /* Products */,
			);
			sourceTree = "<group>";
		};
		AB2FF50826CCDA3900A3EFC7 /* Products */ = {
			isa = PBXGroup;
			children = (
				AB2FF50726CCDA3900A3EFC7 /* Sin-CABasicAnimation.app */,
			);
			name = Products;
			sourceTree = "<group>";
		};
		AB2FF50926CCDA3900A3EFC7 /* Sin-CABasicAnimation */ = {
			isa = PBXGroup;
			children = (
				AB2FF50A26CCDA3900A3EFC7 /* AppDelegate.swift */,
				AB2FF50C26CCDA3900A3EFC7 /* SceneDelegate.swift */,
				AB2FF50E26CCDA3900A3EFC7 /* ViewController.swift */,
				AB2FF51026CCDA3900A3EFC7 /* Main.storyboard */,
				AB2FF51326CCDA3A00A3EFC7 /* Assets.xcassets */,
				AB2FF51526CCDA3A00A3EFC7 /* LaunchScreen.storyboard */,
				AB2FF51826CCDA3A00A3EFC7 /* Info.plist */,
			);
			path = "Sin-CABasicAnimation";
			sourceTree = "<group>";
		};
/* End PBXGroup section */

/* Begin PBXNativeTarget section */
		AB2FF50626CCDA3900A3EFC7 /* Sin-CABasicAnimation */ = {
			isa = PBXNativeTarget;
			buildConfigurationList = AB2FF51B26CCDA3A00A3EFC7 /* Build configuration list for PBXNativeTarget "Sin-CABasicAnimation" */;
			buildPhases = (
				AB2FF50326CCDA3900A3EFC7 /* Sources */,
				AB2FF50426CCDA3900A3EFC7 /* Frameworks */,
				AB2FF50526CCDA3900A3EFC7 /* Resources */,
			);
			buildRules = (
			);
			dependencies = (
			);
			name = "Sin-CABasicAnimation";
			productName = "Sin-CABasicAnimation";
			productReference = AB2FF50726CCDA3900A3EFC7 /* Sin-CABasicAnimation.app */;
			productType = "com.apple.product-type.application";
		};
/* End PBXNativeTarget section */

/* Begin PBXProject section */
		AB2FF4FF26CCDA3900A3EFC7 /* Project object */ = {
			isa = PBXProject;
			attributes = {
				LastSwiftUpdateCheck = 1250;
				LastUpgradeCheck = 1250;
				TargetAttributes = {
					AB2FF50626CCDA3900A3EFC7 = {
						CreatedOnToolsVersion = 12.5.1;
					};
				};
			};
			buildConfigurationList = AB2FF50226CCDA3900A3EFC7 /* Build configuration list for PBXProject "Sin-CABasicAnimation" */;
			compatibilityVersion = "Xcode 9.3";
			developmentRegion = en;
			hasScannedForEncodings = 0;
			knownRegions = (
				en,
				Base,
			);
			mainGroup = AB2FF4FE26CCDA3900A3EFC7;
			productRefGroup = AB2FF50826CCDA3900A3EFC7 /* Products */;
			projectDirPath = "";
			projectRoot = "";
			targets = (
				AB2FF50626CCDA3900A3EFC7 /* Sin-CABasicAnimation */,
			);
		};
/* End PBXProject section */

/* Begin PBXResourcesBuildPhase section */
		AB2FF50526CCDA3900A3EFC7 /* Resources */ = {
			isa = PBXResourcesBuildPhase;
			buildActionMask = 2147483647;
			files = (
				AB2FF51726CCDA3A00A3EFC7 /* LaunchScreen.storyboard in Resources */,
				AB2FF51426CCDA3A00A3EFC7 /* Assets.xcassets in Resources */,
				AB2FF51226CCDA3900A3EFC7 /* Main.storyboard in Resources */,
			);
			runOnlyForDeploymentPostprocessing = 0;
		};
/* End PBXResourcesBuildPhase section */

/* Begin PBXSourcesBuildPhase section */
		AB2FF50326CCDA3900A3EFC7 /* Sources */ = {
			isa = PBXSourcesBuildPhase;
			buildActionMask = 2147483647;
			files = (
				AB2FF50F26CCDA3900A3EFC7 /* ViewController.swift in Sources */,
				AB2FF50B26CCDA3900A3EFC7 /* AppDelegate.swift in Sources */,
				AB2FF50D26CCDA3900A3EFC7 /* SceneDelegate.swift in Sources */,
			);
			runOnlyForDeploymentPostprocessing = 0;
		};
/* End PBXSourcesBuildPhase section */

/* Begin PBXVariantGroup section */
		AB2FF51026CCDA3900A3EFC7 /* Main.storyboard */ = {
			isa = PBXVariantGroup;
			children = (
				AB2FF51126CCDA3900A3EFC7 /* Base */,
			);
			name = Main.storyboard;
			sourceTree = "<group>";
		};
		AB2FF51526CCDA3A00A3EFC7 /* LaunchScreen.storyboard */ = {
			isa = PBXVariantGroup;
			children = (
				AB2FF51626CCDA3A00A3EFC7 /* Base */,
			);
			name = LaunchScreen.storyboard;
			sourceTree = "<group>";
		};
/* End PBXVariantGroup section */

/* Begin XCBuildConfiguration section */
		AB2FF51926CCDA3A00A3EFC7 /* Debug */ = {
			isa = XCBuildConfiguration;
			buildSettings = {
				ALWAYS_SEARCH_USER_PATHS = NO;
				CLANG_ANALYZER_NONNULL = YES;
				CLANG_ANALYZER_NUMBER_OBJECT_CONVERSION = YES_AGGRESSIVE;
				CLANG_CXX_LANGUAGE_STANDARD = "gnu++14";
				CLANG_CXX_LIBRARY = "libc++";
				CLANG_ENABLE_MODULES = YES;
				CLANG_ENABLE_OBJC_ARC = YES;
				CLANG_ENABLE_OBJC_WEAK = YES;
				CLANG_WARN_BLOCK_CAPTURE_AUTORELEASING = YES;
				CLANG_WARN_BOOL_CONVERSION = YES;
				CLANG_WARN_COMMA = YES;
				CLANG_WARN_CONSTANT_CONVERSION = YES;
				CLANG_WARN_DEPRECATED_OBJC_IMPLEMENTATIONS = YES;
				CLANG_WARN_DIRECT_OBJC_ISA_USAGE = YES_ERROR;
				CLANG_WARN_DOCUMENTATION_COMMENTS = YES;
				CLANG_WARN_EMPTY_BODY = YES;
				CLANG_WARN_ENUM_CONVERSION = YES;
				CLANG_WARN_INFINITE_RECURSION = YES;
				CLANG_WARN_INT_CONVERSION = YES;
				CLANG_WARN_NON_LITERAL_NULL_CONVERSION = YES;
				CLANG_WARN_OBJC_IMPLICIT_RETAIN_SELF = YES;
				CLANG_WARN_OBJC_LITERAL_CONVERSION = YES;
				CLANG_WARN_OBJC_ROOT_CLASS = YES_ERROR;
				CLANG_WARN_QUOTED_INCLUDE_IN_FRAMEWORK_HEADER = YES;
				CLANG_WARN_RANGE_LOOP_ANALYSIS = YES;
				CLANG_WARN_STRICT_PROTOTYPES = YES;
				CLANG_WARN_SUSPICIOUS_MOVE = YES;
				CLANG_WARN_UNGUARDED_AVAILABILITY = YES_AGGRESSIVE;
				CLANG_WARN_UNREACHABLE_CODE = YES;
				CLANG_WARN__DUPLICATE_METHOD_MATCH = YES;
				COPY_PHASE_STRIP = NO;
				DEBUG_INFORMATION_FORMAT = dwarf;
				ENABLE_STRICT_OBJC_MSGSEND = YES;
				ENABLE_TESTABILITY = YES;
				GCC_C_LANGUAGE_STANDARD = gnu11;
				GCC_DYNAMIC_NO_PIC = NO;
				GCC_NO_COMMON_BLOCKS = YES;
				GCC_OPTIMIZATION_LEVEL = 0;
				GCC_PREPROCESSOR_DEFINITIONS = (
					"DEBUG=1",
					"$(inherited)",
				);
				GCC_WARN_64_TO_32_BIT_CONVERSION = YES;
				GCC_WARN_ABOUT_RETURN_TYPE = YES_ERROR;
				GCC_WARN_UNDECLARED_SELECTOR = YES;
				GCC_WARN_UNINITIALIZED_AUTOS = YES_AGGRESSIVE;
				GCC_WARN_UNUSED_FUNCTION = YES;
				GCC_WARN_UNUSED_VARIABLE = YES;
				IPHONEOS_DEPLOYMENT_TARGET = 14.5;
				MTL_ENABLE_DEBUG_INFO = INCLUDE_SOURCE;
				MTL_FAST_MATH = YES;
				ONLY_ACTIVE_ARCH = YES;
				SDKROOT = iphoneos;
				SWIFT_ACTIVE_COMPILATION_CONDITIONS = DEBUG;
				SWIFT_OPTIMIZATION_LEVEL = "-Onone";
			};
			name = Debug;
		};
		AB2FF51A26CCDA3A00A3EFC7 /* Release */ = {
			isa = XCBuildConfiguration;
			buildSettings = {
				ALWAYS_SEARCH_USER_PATHS = NO;
				CLANG_ANALYZER_NONNULL = YES;
				CLANG_ANALYZER_NUMBER_OBJECT_CONVERSION = YES_AGGRESSIVE;
				CLANG_CXX_LANGUAGE_STANDARD = "gnu++14";
				CLANG_CXX_LIBRARY = "libc++";
				CLANG_ENABLE_MODULES = YES;
				CLANG_ENABLE_OBJC_ARC = YES;
				CLANG_ENABLE_OBJC_WEAK = YES;
				CLANG_WARN_BLOCK_CAPTURE_AUTORELEASING = YES;
				CLANG_WARN_BOOL_CONVERSION = YES;
				CLANG_WARN_COMMA = YES;
				CLANG_WARN_CONSTANT_CONVERSION = YES;
				CLANG_WARN_DEPRECATED_OBJC_IMPLEMENTATIONS = YES;
				CLANG_WARN_DIRECT_OBJC_ISA_USAGE = YES_ERROR;
				CLANG_WARN_DOCUMENTATION_COMMENTS = YES;
				CLANG_WARN_EMPTY_BODY = YES;
				CLANG_WARN_ENUM_CONVERSION = YES;
				CLANG_WARN_INFINITE_RECURSION = YES;
				CLANG_WARN_INT_CONVERSION = YES;
				CLANG_WARN_NON_LITERAL_NULL_CONVERSION = YES;
				CLANG_WARN_OBJC_IMPLICIT_RETAIN_SELF = YES;
				CLANG_WARN_OBJC_LITERAL_CONVERSION = YES;
				CLANG_WARN_OBJC_ROOT_CLASS = YES_ERROR;
				CLANG_WARN_QUOTED_INCLUDE_IN_FRAMEWORK_HEADER = YES;
				CLANG_WARN_RANGE_LOOP_ANALYSIS = YES;
				CLANG_WARN_STRICT_PROTOTYPES = YES;
				CLANG_WARN_SUSPICIOUS_MOVE = YES;
				CLANG_WARN_UNGUARDED_AVAILABILITY = YES_AGGRESSIVE;
				CLANG_WARN_UNREACHABLE_CODE = YES;
				CLANG_WARN__DUPLICATE_METHOD_MATCH = YES;
				COPY_PHASE_STRIP = NO;
				DEBUG_INFORMATION_FORMAT = "dwarf-with-dsym";
				ENABLE_NS_ASSERTIONS = NO;
				ENABLE_STRICT_OBJC_MSGSEND = YES;
				GCC_C_LANGUAGE_STANDARD = gnu11;
				GCC_NO_COMMON_BLOCKS = YES;
				GCC_WARN_64_TO_32_BIT_CONVERSION = YES;
				GCC_WARN_ABOUT_RETURN_TYPE = YES_ERROR;
				GCC_WARN_UNDECLARED_SELECTOR = YES;
				GCC_WARN_UNINITIALIZED_AUTOS = YES_AGGRESSIVE;
				GCC_WARN_UNUSED_FUNCTION = YES;
				GCC_WARN_UNUSED_VARIABLE = YES;
				IPHONEOS_DEPLOYMENT_TARGET = 14.5;
				MTL_ENABLE_DEBUG_INFO = NO;
				MTL_FAST_MATH = YES;
				SDKROOT = iphoneos;
				SWIFT_COMPILATION_MODE = wholemodule;
				SWIFT_OPTIMIZATION_LEVEL = "-O";
				VALIDATE_PRODUCT = YES;
			};
			name = Release;
		};
		AB2FF51C26CCDA3A00A3EFC7 /* Debug */ = {
			isa = XCBuildConfiguration;
			buildSettings = {
				ASSETCATALOG_COMPILER_APPICON_NAME = AppIcon;
				ASSETCATALOG_COMPILER_GLOBAL_ACCENT_COLOR_NAME = AccentColor;
				CODE_SIGN_STYLE = Automatic;
				DEVELOPMENT_TEAM = 242KS3V77L;
				INFOPLIST_FILE = "Sin-CABasicAnimation/Info.plist";
				LD_RUNPATH_SEARCH_PATHS = (
					"$(inherited)",
					"@executable_path/Frameworks",
				);
				PRODUCT_BUNDLE_IDENTIFIER = "oonishireon.Sin-CABasicAnimation";
				PRODUCT_NAME = "$(TARGET_NAME)";
				SWIFT_VERSION = 5.0;
				TARGETED_DEVICE_FAMILY = "1,2";
			};
			name = Debug;
		};
		AB2FF51D26CCDA3A00A3EFC7 /* Release */ = {
			isa = XCBuildConfiguration;
			buildSettings = {
				ASSETCATALOG_COMPILER_APPICON_NAME = AppIcon;
				ASSETCATALOG_COMPILER_GLOBAL_ACCENT_COLOR_NAME = AccentColor;
				CODE_SIGN_STYLE = Automatic;
				DEVELOPMENT_TEAM = 242KS3V77L;
				INFOPLIST_FILE = "Sin-CABasicAnimation/Info.plist";
				LD_RUNPATH_SEARCH_PATHS = (
					"$(inherited)",
					"@executable_path/Frameworks",
				);
				PRODUCT_BUNDLE_IDENTIFIER = "oonishireon.Sin-CABasicAnimation";
				PRODUCT_NAME = "$(TARGET_NAME)";
				SWIFT_VERSION = 5.0;
				TARGETED_DEVICE_FAMILY = "1,2";
			};
			name = Release;
		};
/* End XCBuildConfiguration section */

/* Begin XCConfigurationList section */
		AB2FF50226CCDA3900A3EFC7 /* Build configuration list for PBXProject "Sin-CABasicAnimation" */ = {
			isa = XCConfigurationList;
			buildConfigurations = (
				AB2FF51926CCDA3A00A3EFC7 /* Debug */,
				AB2FF51A26CCDA3A00A3EFC7 /* Release */,
			);
			defaultConfigurationIsVisible = 0;
			defaultConfigurationName = Release;
		};
		AB2FF51B26CCDA3A00A3EFC7 /* Build configuration list for PBXNativeTarget "Sin-CABasicAnimation" */ = {
			isa = XCConfigurationList;
			buildConfigurations = (
				AB2FF51C26CCDA3A00A3EFC7 /* Debug */,
				AB2FF51D26CCDA3A00A3EFC7 /* Release */,
			);
			defaultConfigurationIsVisible = 0;
			defaultConfigurationName = Release;
		};
/* End XCConfigurationList section */
	};
	rootObject = AB2FF4FF26CCDA3900A3EFC7 /* Project object */;
}
